{
  "requires": true,
  "lockfileVersion": 1,
  "dependencies": {
    "cloudinary-core": {
      "version": "2.6.2",
      "resolved": "https://registry.npmjs.org/cloudinary-core/-/cloudinary-core-2.6.2.tgz",
      "integrity": "sha512-oS+qniwbRVrDO6va4BNStkyunVbr1YQJarFlas19208tLUZE8DOxFO0fSE6Mx9zNfcwU6Cpm8x9FtVdtiwB/MA=="
    }
  }
}
